
Microsoft Visual Studio Solution File, Format Version 12.00
# Visual Studio Version 17
VisualStudioVersion = 17.3.32901.215
MinimumVisualStudioVersion = 10.0.40219.1
Project("{9A19103F-16F7-4668-BE54-9A1E7A4F7556}") = "ConsoleApp4", "ConsoleApp4\ConsoleApp4.csproj", "{C0A691A2-169A-46A3-BB36-42A3A922ECCD}"
EndProject
Project("{FAE04EC0-301F-11D3-BF4B-00C04F79EFBC}") = "Methotlar", "Methotlar\Methotlar.csproj", "{198F7F87-2287-46AE-B565-C670E4AF6DBC}"
EndProject
Project("{FAE04EC0-301F-11D3-BF4B-00C04F79EFBC}") = "Matemetik", "Matemetik\Matemetik.csproj", "{F15B9977-0053-4EA0-B96D-DB78536DC358}"
EndProject
Global
	GlobalSection(SolutionConfigurationPlatforms) = preSolution
		Debug|Any CPU = Debug|Any CPU
		Release|Any CPU = Release|Any CPU
	EndGlobalSection
	GlobalSection(ProjectConfigurationPlatforms) = postSolution
		{C0A691A2-169A-46A3-BB36-42A3A922ECCD}.Debug|Any CPU.ActiveCfg = Debug|Any CPU
		{C0A691A2-169A-46A3-BB36-42A3A922ECCD}.Debug|Any CPU.Build.0 = Debug|Any CPU
		{C0A691A2-169A-46A3-BB36-42A3A922ECCD}.Release|Any CPU.ActiveCfg = Release|Any CPU
		{C0A691A2-169A-46A3-BB36-42A3A922ECCD}.Release|Any CPU.Build.0 = Release|Any CPU
		{198F7F87-2287-46AE-B565-C670E4AF6DBC}.Debug|Any CPU.ActiveCfg = Debug|Any CPU
		{198F7F87-2287-46AE-B565-C670E4AF6DBC}.Debug|Any CPU.Build.0 = Debug|Any CPU
		{198F7F87-2287-46AE-B565-C670E4AF6DBC}.Release|Any CPU.ActiveCfg = Release|Any CPU
		{198F7F87-2287-46AE-B565-C670E4AF6DBC}.Release|Any CPU.Build.0 = Release|Any CPU
		{F15B9977-0053-4EA0-B96D-DB78536DC358}.Debug|Any CPU.ActiveCfg = Debug|Any CPU
		{F15B9977-0053-4EA0-B96D-DB78536DC358}.Debug|Any CPU.Build.0 = Debug|Any CPU
		{F15B9977-0053-4EA0-B96D-DB78536DC358}.Release|Any CPU.ActiveCfg = Release|Any CPU
		{F15B9977-0053-4EA0-B96D-DB78536DC358}.Release|Any CPU.Build.0 = Release|Any CPU
	EndGlobalSection
	GlobalSection(SolutionProperties) = preSolution
		HideSolutionNode = FALSE
	EndGlobalSection
	GlobalSection(ExtensibilityGlobals) = postSolution
		SolutionGuid = {B4FB0690-776E-46A1-8130-50C13B833718}
	EndGlobalSection
EndGlobal
